
Microsoft Visual Studio Solution File, Format Version 12.00
# Visual Studio Version 16
VisualStudioVersion = 16.0.30011.22
MinimumVisualStudioVersion = 10.0.40219.1
Project("{9A19103F-16F7-4668-BE54-9A1E7A4F7556}") = "UserAPI", "UserAPI\UserAPI.csproj", "{828C55C1-0556-464A-86C0-49BF3DE0FE7B}"
EndProject
Project("{9A19103F-16F7-4668-BE54-9A1E7A4F7556}") = "OrderAPI", "OrderAPI\OrderAPI.csproj", "{2B0A736B-D11B-4D37-9CF5-3A70F1D88245}"
EndProject
Project("{9A19103F-16F7-4668-BE54-9A1E7A4F7556}") = "APIGateway", "APIGateway\APIGateway.csproj", "{3F0561A8-890F-421F-A033-16838932DEEE}"
EndProject
Global
	GlobalSection(SolutionConfigurationPlatforms) = preSolution
		Debug|Any CPU = Debug|Any CPU
		Release|Any CPU = Release|Any CPU
	EndGlobalSection
	GlobalSection(ProjectConfigurationPlatforms) = postSolution
		{828C55C1-0556-464A-86C0-49BF3DE0FE7B}.Debug|Any CPU.ActiveCfg = Debug|Any CPU
		{828C55C1-0556-464A-86C0-49BF3DE0FE7B}.Debug|Any CPU.Build.0 = Debug|Any CPU
		{828C55C1-0556-464A-86C0-49BF3DE0FE7B}.Release|Any CPU.ActiveCfg = Release|Any CPU
		{828C55C1-0556-464A-86C0-49BF3DE0FE7B}.Release|Any CPU.Build.0 = Release|Any CPU
		{2B0A736B-D11B-4D37-9CF5-3A70F1D88245}.Debug|Any CPU.ActiveCfg = Debug|Any CPU
		{2B0A736B-D11B-4D37-9CF5-3A70F1D88245}.Debug|Any CPU.Build.0 = Debug|Any CPU
		{2B0A736B-D11B-4D37-9CF5-3A70F1D88245}.Release|Any CPU.ActiveCfg = Release|Any CPU
		{2B0A736B-D11B-4D37-9CF5-3A70F1D88245}.Release|Any CPU.Build.0 = Release|Any CPU
		{3F0561A8-890F-421F-A033-16838932DEEE}.Debug|Any CPU.ActiveCfg = Debug|Any CPU
		{3F0561A8-890F-421F-A033-16838932DEEE}.Debug|Any CPU.Build.0 = Debug|Any CPU
		{3F0561A8-890F-421F-A033-16838932DEEE}.Release|Any CPU.ActiveCfg = Release|Any CPU
		{3F0561A8-890F-421F-A033-16838932DEEE}.Release|Any CPU.Build.0 = Release|Any CPU
	EndGlobalSection
	GlobalSection(SolutionProperties) = preSolution
		HideSolutionNode = FALSE
	EndGlobalSection
	GlobalSection(ExtensibilityGlobals) = postSolution
		SolutionGuid = {87E4C5C8-5094-43DC-A425-BD4E3D36BFFA}
	EndGlobalSection
EndGlobal
